<?xml version="1.0" encoding="utf-8"?>
<Project ToolsVersion="4.0" xmlns="http://schemas.microsoft.com/developer/msbuild/2003">
  <ItemGroup>
    <Filter Include="Source Files">
      <UniqueIdentifier>{4FC737F1-C7A5-4376-A066-2A32D752A2FF}</UniqueIdentifier>
      <Extensions>cpp;c;cc;cxx;def;odl;idl;hpj;bat;asm;asmx</Extensions>
    </Filter>
    <Filter Include="Header Files">
      <UniqueIdentifier>{93995380-89BD-4b04-88EB-625FBE52EBFB}</UniqueIdentifier>
      <Extensions>h;hpp;hxx;hm;inl;inc;xsd</Extensions>
    </Filter>
    <Filter Include="Resource Files">
      <UniqueIdentifier>{67DA6AB6-F800-4c08-8B7A-83BB121AAD01}</UniqueIdentifier>
      <Extensions>rc;ico;cur;bmp;dlg;rc2;rct;bin;rgs;gif;jpg;jpeg;jpe;resx;tiff;tif;png;wav;mfcribbon-ms</Extensions>
    </Filter>
    <Filter Include="Source Files\bprinter">
      <UniqueIdentifier>{d0d465b1-6342-47e4-82e2-2a7f6767b075}</UniqueIdentifier>
    </Filter>
    <Filter Include="Information">
      <UniqueIdentifier>{6437a03d-07bb-4c79-9ddb-e6600257b74a}</UniqueIdentifier>
    </Filter>
    <Filter Include="Source Files\Commands">
      <UniqueIdentifier>{3f34cb4e-9638-4440-92c6-b40feb4e2d45}</UniqueIdentifier>
    </Filter>
    <Filter Include="Source Files\Support">
      <UniqueIdentifier>{026aa900-18b6-45c7-a7bb-0fb372c1a9fe}</UniqueIdentifier>
    </Filter>
  </ItemGroup>
  <ItemGroup>
    <ClCompile Include="src\bprinter\src\table_printer.cpp">
      <Filter>Source Files\bprinter</Filter>
    </ClCompile>
    <ClCompile Include="src\callouts.cpp">
      <Filter>Source Files\Commands</Filter>
    </ClCompile>
    <ClCompile Include="src\checkmsr.cpp">
      <Filter>Source Files\Commands</Filter>
    </ClCompile>
    <ClCompile Include="src\crashdmpcall.cpp">
      <Filter>Source Files\Commands</Filter>
    </ClCompile>
    <ClCompile Include="src\haltables.cpp">
      <Filter>Source Files\Commands</Filter>
    </ClCompile>
    <ClCompile Include="src\idt_gdt.cpp">
      <Filter>Source Files\Commands</Filter>
    </ClCompile>
    <ClCompile Include="src\objtype.cpp">
      <Filter>Source Files\Commands</Filter>
    </ClCompile>
    <ClCompile Include="src\objtypecb.cpp">
      <Filter>Source Files\Commands</Filter>
    </ClCompile>
    <ClCompile Include="src\objtypeidx.cpp">
      <Filter>Source Files\Commands</Filter>
    </ClCompile>
    <ClCompile Include="src\pnptable.cpp">
      <Filter>Source Files\Commands</Filter>
    </ClCompile>
    <ClCompile Include="src\scan.cpp">
      <Filter>Source Files\Commands</Filter>
    </ClCompile>
    <ClCompile Include="src\ssdt.cpp">
      <Filter>Source Files\Commands</Filter>
    </ClCompile>
    <ClCompile Include="src\systemcb.cpp">
      <Filter>Source Files\Commands</Filter>
    </ClCompile>
    <ClCompile Include="src\ver.cpp">
      <Filter>Source Files\Commands</Filter>
    </ClCompile>
    <ClCompile Include="src\analyze.cpp">
      <Filter>Source Files\Support</Filter>
    </ClCompile>
    <ClCompile Include="src\colorhack.cpp">
      <Filter>Source Files\Support</Filter>
    </ClCompile>
    <ClCompile Include="src\dummypdb.cpp">
      <Filter>Source Files\Support</Filter>
    </ClCompile>
    <ClCompile Include="src\objhelper.cpp">
      <Filter>Source Files\Support</Filter>
    </ClCompile>
    <ClCompile Include="src\process.cpp">
      <Filter>Source Files\Support</Filter>
    </ClCompile>
    <ClCompile Include="src\resources.cpp">
      <Filter>Source Files\Support</Filter>
    </ClCompile>
    <ClCompile Include="src\sdt_w32p.cpp">
      <Filter>Source Files\Support</Filter>
    </ClCompile>
    <ClCompile Include="src\symbols.cpp">
      <Filter>Source Files\Support</Filter>
    </ClCompile>
    <ClCompile Include="src\wdbgark.cpp">
      <Filter>Source Files\Support</Filter>
    </ClCompile>
    <ClCompile Include="src\colorize.cpp">
      <Filter>Source Files\Commands</Filter>
    </ClCompile>
    <ClCompile Include="src\udis.cpp">
      <Filter>Source Files\Support</Filter>
    </ClCompile>
    <ClCompile Include="src\drvmajor.cpp">
      <Filter>Source Files\Commands</Filter>
    </ClCompile>
  </ItemGroup>
  <ItemGroup>
    <None Include="README.md">
      <Filter>Information</Filter>
    </None>
    <None Include="COPYING">
      <Filter>Information</Filter>
    </None>
    <None Include="src\wdbgark.def">
      <Filter>Source Files</Filter>
    </None>
    <None Include="README.html">
      <Filter>Information</Filter>
    </None>
  </ItemGroup>
  <ItemGroup>
    <ResourceCompile Include="wdbgark.rc">
      <Filter>Resource Files</Filter>
    </ResourceCompile>
  </ItemGroup>
  <ItemGroup>
    <ClInclude Include="src\analyze.hpp">
      <Filter>Header Files</Filter>
    </ClInclude>
    <ClInclude Include="src\colorhack.hpp">
      <Filter>Header Files</Filter>
    </ClInclude>
    <ClInclude Include="src\ddk.h">
      <Filter>Header Files</Filter>
    </ClInclude>
    <ClInclude Include="src\dummypdb.hpp">
      <Filter>Header Files</Filter>
    </ClInclude>
    <ClInclude Include="src\manipulators.hpp">
      <Filter>Header Files</Filter>
    </ClInclude>
    <ClInclude Include="src\objhelper.hpp">
      <Filter>Header Files</Filter>
    </ClInclude>
    <ClInclude Include="src\process.hpp">
      <Filter>Header Files</Filter>
    </ClInclude>
    <ClInclude Include="src\resources.hpp">
      <Filter>Header Files</Filter>
    </ClInclude>
    <ClInclude Include="src\sdt_w32p.hpp">
      <Filter>Header Files</Filter>
    </ClInclude>
    <ClInclude Include="src\strings.hpp">
      <Filter>Header Files</Filter>
    </ClInclude>
    <ClInclude Include="src\symbols.hpp">
      <Filter>Header Files</Filter>
    </ClInclude>
    <ClInclude Include="src\ver.hpp">
      <Filter>Header Files</Filter>
    </ClInclude>
    <ClInclude Include="src\wdbgark.hpp">
      <Filter>Header Files</Filter>
    </ClInclude>
    <ClInclude Include="resource.h">
      <Filter>Header Files</Filter>
    </ClInclude>
    <ClInclude Include="src\udis.hpp">
      <Filter>Header Files</Filter>
    </ClInclude>
  </ItemGroup>
</Project>